{
  "sources": {
    "hello": {
      "path": "./site-cookbooks/hello"
    },
    "td-agent": {
      "locked_version": "0.0.1",
      "git": "https://github.com/treasure-data/chef-td-agent.git",
      "ref": "e59c017560cebc689f23827c368e5be9c6b2b77d"
    },
    "apt": {
      "locked_version": "2.3.0"
    },
    "yum": {
      "locked_version": "2.4.2"
    }
  }
}
